Microsoft Visual Studio Solution File, Format Version 12.00
# Visual Studio 16
Project("{8BC9CEB8-8B4A-11D0-8D11-00A0C91BC942}") = "ALL_BUILD", "ALL_BUILD.vcxproj", "{16A99BA9-2CEA-3DFA-855A-6950151FB7B2}"
	ProjectSection(ProjectDependencies) = postProject
		{9C03E592-48ED-3335-AC18-A4A494BC20A0} = {9C03E592-48ED-3335-AC18-A4A494BC20A0}
		{394A99B4-69F9-37DF-BAC7-EEF531D8C78A} = {394A99B4-69F9-37DF-BAC7-EEF531D8C78A}
		{2B077644-A6B7-36F4-80BE-375AFC740B1E} = {2B077644-A6B7-36F4-80BE-375AFC740B1E}
		{716429D2-D0ED-3BE6-A090-E3D9EFAD571C} = {716429D2-D0ED-3BE6-A090-E3D9EFAD571C}
		{3E1A05A8-715A-32CD-9721-626B7A888A75} = {3E1A05A8-715A-32CD-9721-626B7A888A75}
		{564B6E54-93C7-38F4-8B35-B3BB07413AC1} = {564B6E54-93C7-38F4-8B35-B3BB07413AC1}
		{D7578B4F-7F8A-392D-86F4-57DFC7516E6C} = {D7578B4F-7F8A-392D-86F4-57DFC7516E6C}
		{AFCE7A71-7A2A-39B6-95AA-697D9A8F4DD4} = {AFCE7A71-7A2A-39B6-95AA-697D9A8F4DD4}
		{DDF6D429-6F12-3ACB-80B9-6F90D88A1ACD} = {DDF6D429-6F12-3ACB-80B9-6F90D88A1ACD}
		{051DAA31-BFD7-3355-94E7-19B4A00E1DF2} = {051DAA31-BFD7-3355-94E7-19B4A00E1DF2}
		{9F3D4402-3456-3796-8E35-ED3B9ACD7500} = {9F3D4402-3456-3796-8E35-ED3B9ACD7500}
		{872BB385-9B28-3B95-BAC9-32835BFD032A} = {872BB385-9B28-3B95-BAC9-32835BFD032A}
		{06FA6C29-3E71-3401-90C3-1428F317A213} = {06FA6C29-3E71-3401-90C3-1428F317A213}
		{19331EB4-B840-3883-B6B5-57C9882C6789} = {19331EB4-B840-3883-B6B5-57C9882C6789}
		{179B973C-901E-3D6B-A019-9B0644D79AF9} = {179B973C-901E-3D6B-A019-9B0644D79AF9}
		{5F426E40-E7B8-3FB3-B78C-9EE2414E2780} = {5F426E40-E7B8-3FB3-B78C-9EE2414E2780}
		{AF7DD593-3B6A-3D8C-B93A-F197EF3FB1A7} = {AF7DD593-3B6A-3D8C-B93A-F197EF3FB1A7}
		{8E5292C1-A571-3BBD-B170-E048E573A611} = {8E5292C1-A571-3BBD-B170-E048E573A611}
		{35F8EFE8-D010-3D3C-930E-8E245388C12A} = {35F8EFE8-D010-3D3C-930E-8E245388C12A}
		{04BCD47E-DB92-37C8-915D-2EC659224805} = {04BCD47E-DB92-37C8-915D-2EC659224805}
		{ACAC93C6-D977-3AA1-921D-3FAFA65E8551} = {ACAC93C6-D977-3AA1-921D-3FAFA65E8551}
		{8381967E-388A-3EFC-93BA-13CB33980719} = {8381967E-388A-3EFC-93BA-13CB33980719}
		{B17BE6EB-62D3-3847-A3D2-F666E109D0AE} = {B17BE6EB-62D3-3847-A3D2-F666E109D0AE}
		{3F67F999-41CF-363B-816A-F1452F9BBA3B} = {3F67F999-41CF-363B-816A-F1452F9BBA3B}
	EndProjectSection
EndProject
Project("{8BC9CEB8-8B4A-11D0-8D11-00A0C91BC942}") = "ALGORITHM_TEST", "ALGORITHM_TEST.vcxproj", "{D67DA01D-9902-3DD6-9433-AC295F1CCCE8}"
	ProjectSection(ProjectDependencies) = postProject
		{051DAA31-BFD7-3355-94E7-19B4A00E1DF2} = {051DAA31-BFD7-3355-94E7-19B4A00E1DF2}
		{3F67F999-41CF-363B-816A-F1452F9BBA3B} = {3F67F999-41CF-363B-816A-F1452F9BBA3B}
	EndProjectSection
EndProject
Project("{8BC9CEB8-8B4A-11D0-8D11-00A0C91BC942}") = "ApplicationProcessor_test", "ApplicationProcessor_test.vcxproj", "{9C03E592-48ED-3335-AC18-A4A494BC20A0}"
	ProjectSection(ProjectDependencies) = postProject
		{AC73D057-F3A2-3188-958A-41FABD4A7F54} = {AC73D057-F3A2-3188-958A-41FABD4A7F54}
		{3F67F999-41CF-363B-816A-F1452F9BBA3B} = {3F67F999-41CF-363B-816A-F1452F9BBA3B}
	EndProjectSection
EndProject
Project("{8BC9CEB8-8B4A-11D0-8D11-00A0C91BC942}") = "CORE_TEST", "CORE_TEST.vcxproj", "{E8CA69D1-2C48-36D7-A768-94A247E98F7C}"
	ProjectSection(ProjectDependencies) = postProject
		{9C03E592-48ED-3335-AC18-A4A494BC20A0} = {9C03E592-48ED-3335-AC18-A4A494BC20A0}
		{2B077644-A6B7-36F4-80BE-375AFC740B1E} = {2B077644-A6B7-36F4-80BE-375AFC740B1E}
		{3E1A05A8-715A-32CD-9721-626B7A888A75} = {3E1A05A8-715A-32CD-9721-626B7A888A75}
		{D7578B4F-7F8A-392D-86F4-57DFC7516E6C} = {D7578B4F-7F8A-392D-86F4-57DFC7516E6C}
		{AFCE7A71-7A2A-39B6-95AA-697D9A8F4DD4} = {AFCE7A71-7A2A-39B6-95AA-697D9A8F4DD4}
		{9F3D4402-3456-3796-8E35-ED3B9ACD7500} = {9F3D4402-3456-3796-8E35-ED3B9ACD7500}
		{872BB385-9B28-3B95-BAC9-32835BFD032A} = {872BB385-9B28-3B95-BAC9-32835BFD032A}
		{06FA6C29-3E71-3401-90C3-1428F317A213} = {06FA6C29-3E71-3401-90C3-1428F317A213}
		{19331EB4-B840-3883-B6B5-57C9882C6789} = {19331EB4-B840-3883-B6B5-57C9882C6789}
		{179B973C-901E-3D6B-A019-9B0644D79AF9} = {179B973C-901E-3D6B-A019-9B0644D79AF9}
		{5F426E40-E7B8-3FB3-B78C-9EE2414E2780} = {5F426E40-E7B8-3FB3-B78C-9EE2414E2780}
		{8E5292C1-A571-3BBD-B170-E048E573A611} = {8E5292C1-A571-3BBD-B170-E048E573A611}
		{35F8EFE8-D010-3D3C-930E-8E245388C12A} = {35F8EFE8-D010-3D3C-930E-8E245388C12A}
		{04BCD47E-DB92-37C8-915D-2EC659224805} = {04BCD47E-DB92-37C8-915D-2EC659224805}
		{ACAC93C6-D977-3AA1-921D-3FAFA65E8551} = {ACAC93C6-D977-3AA1-921D-3FAFA65E8551}
		{8381967E-388A-3EFC-93BA-13CB33980719} = {8381967E-388A-3EFC-93BA-13CB33980719}
		{3F67F999-41CF-363B-816A-F1452F9BBA3B} = {3F67F999-41CF-363B-816A-F1452F9BBA3B}
	EndProjectSection
EndProject
Project("{8BC9CEB8-8B4A-11D0-8D11-00A0C91BC942}") = "CSVWriter_test", "CSVWriter_test.vcxproj", "{394A99B4-69F9-37DF-BAC7-EEF531D8C78A}"
	ProjectSection(ProjectDependencies) = postProject
		{AC73D057-F3A2-3188-958A-41FABD4A7F54} = {AC73D057-F3A2-3188-958A-41FABD4A7F54}
		{3F67F999-41CF-363B-816A-F1452F9BBA3B} = {3F67F999-41CF-363B-816A-F1452F9BBA3B}
	EndProjectSection
EndProject
Project("{8BC9CEB8-8B4A-11D0-8D11-00A0C91BC942}") = "CastValue_test", "CastValue_test.vcxproj", "{2B077644-A6B7-36F4-80BE-375AFC740B1E}"
	ProjectSection(ProjectDependencies) = postProject
		{AC73D057-F3A2-3188-958A-41FABD4A7F54} = {AC73D057-F3A2-3188-958A-41FABD4A7F54}
		{3F67F999-41CF-363B-816A-F1452F9BBA3B} = {3F67F999-41CF-363B-816A-F1452F9BBA3B}
	EndProjectSection
EndProject
Project("{8BC9CEB8-8B4A-11D0-8D11-00A0C91BC942}") = "FileReader_test", "FileReader_test.vcxproj", "{716429D2-D0ED-3BE6-A090-E3D9EFAD571C}"
	ProjectSection(ProjectDependencies) = postProject
		{AC73D057-F3A2-3188-958A-41FABD4A7F54} = {AC73D057-F3A2-3188-958A-41FABD4A7F54}
		{3F67F999-41CF-363B-816A-F1452F9BBA3B} = {3F67F999-41CF-363B-816A-F1452F9BBA3B}
	EndProjectSection
EndProject
Project("{8BC9CEB8-8B4A-11D0-8D11-00A0C91BC942}") = "Filenames_test", "Filenames_test.vcxproj", "{3E1A05A8-715A-32CD-9721-626B7A888A75}"
	ProjectSection(ProjectDependencies) = postProject
		{AC73D057-F3A2-3188-958A-41FABD4A7F54} = {AC73D057-F3A2-3188-958A-41FABD4A7F54}
		{3F67F999-41CF-363B-816A-F1452F9BBA3B} = {3F67F999-41CF-363B-816A-F1452F9BBA3B}
	EndProjectSection
EndProject
Project("{8BC9CEB8-8B4A-11D0-8D11-00A0C91BC942}") = "GuiAppender_test", "GuiAppender_test.vcxproj", "{564B6E54-93C7-38F4-8B35-B3BB07413AC1}"
	ProjectSection(ProjectDependencies) = postProject
		{AC73D057-F3A2-3188-958A-41FABD4A7F54} = {AC73D057-F3A2-3188-958A-41FABD4A7F54}
		{3F67F999-41CF-363B-816A-F1452F9BBA3B} = {3F67F999-41CF-363B-816A-F1452F9BBA3B}
	EndProjectSection
EndProject
Project("{8BC9CEB8-8B4A-11D0-8D11-00A0C91BC942}") = "Helloworld_test", "Helloworld_test.vcxproj", "{D7578B4F-7F8A-392D-86F4-57DFC7516E6C}"
	ProjectSection(ProjectDependencies) = postProject
		{AC73D057-F3A2-3188-958A-41FABD4A7F54} = {AC73D057-F3A2-3188-958A-41FABD4A7F54}
		{3F67F999-41CF-363B-816A-F1452F9BBA3B} = {3F67F999-41CF-363B-816A-F1452F9BBA3B}
	EndProjectSection
EndProject
Project("{8BC9CEB8-8B4A-11D0-8D11-00A0C91BC942}") = "INSTALL", "INSTALL.vcxproj", "{A064DB28-6480-312E-B79A-4E1D589BFC51}"
	ProjectSection(ProjectDependencies) = postProject
		{16A99BA9-2CEA-3DFA-855A-6950151FB7B2} = {16A99BA9-2CEA-3DFA-855A-6950151FB7B2}
		{3F67F999-41CF-363B-816A-F1452F9BBA3B} = {3F67F999-41CF-363B-816A-F1452F9BBA3B}
	EndProjectSection
EndProject
Project("{8BC9CEB8-8B4A-11D0-8D11-00A0C91BC942}") = "IO_TEST", "IO_TEST.vcxproj", "{ABD5822A-79C1-3866-88AB-96E11B9FDE08}"
	ProjectSection(ProjectDependencies) = postProject
		{394A99B4-69F9-37DF-BAC7-EEF531D8C78A} = {394A99B4-69F9-37DF-BAC7-EEF531D8C78A}
		{716429D2-D0ED-3BE6-A090-E3D9EFAD571C} = {716429D2-D0ED-3BE6-A090-E3D9EFAD571C}
		{DDF6D429-6F12-3ACB-80B9-6F90D88A1ACD} = {DDF6D429-6F12-3ACB-80B9-6F90D88A1ACD}
		{AF7DD593-3B6A-3D8C-B93A-F197EF3FB1A7} = {AF7DD593-3B6A-3D8C-B93A-F197EF3FB1A7}
		{3F67F999-41CF-363B-816A-F1452F9BBA3B} = {3F67F999-41CF-363B-816A-F1452F9BBA3B}
	EndProjectSection
EndProject
Project("{8BC9CEB8-8B4A-11D0-8D11-00A0C91BC942}") = "InjectionHandler_test", "InjectionHandler_test.vcxproj", "{AFCE7A71-7A2A-39B6-95AA-697D9A8F4DD4}"
	ProjectSection(ProjectDependencies) = postProject
		{AC73D057-F3A2-3188-958A-41FABD4A7F54} = {AC73D057-F3A2-3188-958A-41FABD4A7F54}
		{3F67F999-41CF-363B-816A-F1452F9BBA3B} = {3F67F999-41CF-363B-816A-F1452F9BBA3B}
	EndProjectSection
EndProject
Project("{8BC9CEB8-8B4A-11D0-8D11-00A0C91BC942}") = "InputDataValidation_test", "InputDataValidation_test.vcxproj", "{DDF6D429-6F12-3ACB-80B9-6F90D88A1ACD}"
	ProjectSection(ProjectDependencies) = postProject
		{AC73D057-F3A2-3188-958A-41FABD4A7F54} = {AC73D057-F3A2-3188-958A-41FABD4A7F54}
		{3F67F999-41CF-363B-816A-F1452F9BBA3B} = {3F67F999-41CF-363B-816A-F1452F9BBA3B}
	EndProjectSection
EndProject
Project("{8BC9CEB8-8B4A-11D0-8D11-00A0C91BC942}") = "MRMFeatureValidator_test", "MRMFeatureValidator_test.vcxproj", "{051DAA31-BFD7-3355-94E7-19B4A00E1DF2}"
	ProjectSection(ProjectDependencies) = postProject
		{AC73D057-F3A2-3188-958A-41FABD4A7F54} = {AC73D057-F3A2-3188-958A-41FABD4A7F54}
		{3F67F999-41CF-363B-816A-F1452F9BBA3B} = {3F67F999-41CF-363B-816A-F1452F9BBA3B}
	EndProjectSection
EndProject
Project("{8BC9CEB8-8B4A-11D0-8D11-00A0C91BC942}") = "MetaDataHandler_test", "MetaDataHandler_test.vcxproj", "{9F3D4402-3456-3796-8E35-ED3B9ACD7500}"
	ProjectSection(ProjectDependencies) = postProject
		{AC73D057-F3A2-3188-958A-41FABD4A7F54} = {AC73D057-F3A2-3188-958A-41FABD4A7F54}
		{3F67F999-41CF-363B-816A-F1452F9BBA3B} = {3F67F999-41CF-363B-816A-F1452F9BBA3B}
	EndProjectSection
EndProject
Project("{8BC9CEB8-8B4A-11D0-8D11-00A0C91BC942}") = "PACKAGE", "PACKAGE.vcxproj", "{2652FEB4-D33C-3A61-9F52-111C780B9CE3}"
	ProjectSection(ProjectDependencies) = postProject
		{16A99BA9-2CEA-3DFA-855A-6950151FB7B2} = {16A99BA9-2CEA-3DFA-855A-6950151FB7B2}
		{3F67F999-41CF-363B-816A-F1452F9BBA3B} = {3F67F999-41CF-363B-816A-F1452F9BBA3B}
	EndProjectSection
EndProject
Project("{8BC9CEB8-8B4A-11D0-8D11-00A0C91BC942}") = "RUN_TESTS", "RUN_TESTS.vcxproj", "{24219AC2-2663-37CF-B6EF-231847D7A99A}"
	ProjectSection(ProjectDependencies) = postProject
		{3F67F999-41CF-363B-816A-F1452F9BBA3B} = {3F67F999-41CF-363B-816A-F1452F9BBA3B}
	EndProjectSection
EndProject
Project("{8BC9CEB8-8B4A-11D0-8D11-00A0C91BC942}") = "RawDataHandler_test", "RawDataHandler_test.vcxproj", "{872BB385-9B28-3B95-BAC9-32835BFD032A}"
	ProjectSection(ProjectDependencies) = postProject
		{AC73D057-F3A2-3188-958A-41FABD4A7F54} = {AC73D057-F3A2-3188-958A-41FABD4A7F54}
		{3F67F999-41CF-363B-816A-F1452F9BBA3B} = {3F67F999-41CF-363B-816A-F1452F9BBA3B}
	EndProjectSection
EndProject
Project("{8BC9CEB8-8B4A-11D0-8D11-00A0C91BC942}") = "RawDataProcessor_test", "RawDataProcessor_test.vcxproj", "{06FA6C29-3E71-3401-90C3-1428F317A213}"
	ProjectSection(ProjectDependencies) = postProject
		{AC73D057-F3A2-3188-958A-41FABD4A7F54} = {AC73D057-F3A2-3188-958A-41FABD4A7F54}
		{3F67F999-41CF-363B-816A-F1452F9BBA3B} = {3F67F999-41CF-363B-816A-F1452F9BBA3B}
	EndProjectSection
EndProject
Project("{8BC9CEB8-8B4A-11D0-8D11-00A0C91BC942}") = "SampleGroupHandler_test", "SampleGroupHandler_test.vcxproj", "{19331EB4-B840-3883-B6B5-57C9882C6789}"
	ProjectSection(ProjectDependencies) = postProject
		{AC73D057-F3A2-3188-958A-41FABD4A7F54} = {AC73D057-F3A2-3188-958A-41FABD4A7F54}
		{3F67F999-41CF-363B-816A-F1452F9BBA3B} = {3F67F999-41CF-363B-816A-F1452F9BBA3B}
	EndProjectSection
EndProject
Project("{8BC9CEB8-8B4A-11D0-8D11-00A0C91BC942}") = "SampleGroupProcessor_test", "SampleGroupProcessor_test.vcxproj", "{179B973C-901E-3D6B-A019-9B0644D79AF9}"
	ProjectSection(ProjectDependencies) = postProject
		{AC73D057-F3A2-3188-958A-41FABD4A7F54} = {AC73D057-F3A2-3188-958A-41FABD4A7F54}
		{3F67F999-41CF-363B-816A-F1452F9BBA3B} = {3F67F999-41CF-363B-816A-F1452F9BBA3B}
	EndProjectSection
EndProject
Project("{8BC9CEB8-8B4A-11D0-8D11-00A0C91BC942}") = "SequenceHandler_test", "SequenceHandler_test.vcxproj", "{5F426E40-E7B8-3FB3-B78C-9EE2414E2780}"
	ProjectSection(ProjectDependencies) = postProject
		{AC73D057-F3A2-3188-958A-41FABD4A7F54} = {AC73D057-F3A2-3188-958A-41FABD4A7F54}
		{3F67F999-41CF-363B-816A-F1452F9BBA3B} = {3F67F999-41CF-363B-816A-F1452F9BBA3B}
	EndProjectSection
EndProject
Project("{8BC9CEB8-8B4A-11D0-8D11-00A0C91BC942}") = "SequenceParser_test", "SequenceParser_test.vcxproj", "{AF7DD593-3B6A-3D8C-B93A-F197EF3FB1A7}"
	ProjectSection(ProjectDependencies) = postProject
		{AC73D057-F3A2-3188-958A-41FABD4A7F54} = {AC73D057-F3A2-3188-958A-41FABD4A7F54}
		{3F67F999-41CF-363B-816A-F1452F9BBA3B} = {3F67F999-41CF-363B-816A-F1452F9BBA3B}
	EndProjectSection
EndProject
Project("{8BC9CEB8-8B4A-11D0-8D11-00A0C91BC942}") = "SequenceProcessor_test", "SequenceProcessor_test.vcxproj", "{8E5292C1-A571-3BBD-B170-E048E573A611}"
	ProjectSection(ProjectDependencies) = postProject
		{AC73D057-F3A2-3188-958A-41FABD4A7F54} = {AC73D057-F3A2-3188-958A-41FABD4A7F54}
		{3F67F999-41CF-363B-816A-F1452F9BBA3B} = {3F67F999-41CF-363B-816A-F1452F9BBA3B}
	EndProjectSection
EndProject
Project("{8BC9CEB8-8B4A-11D0-8D11-00A0C91BC942}") = "SequenceSegmentHandler_test", "SequenceSegmentHandler_test.vcxproj", "{35F8EFE8-D010-3D3C-930E-8E245388C12A}"
	ProjectSection(ProjectDependencies) = postProject
		{AC73D057-F3A2-3188-958A-41FABD4A7F54} = {AC73D057-F3A2-3188-958A-41FABD4A7F54}
		{3F67F999-41CF-363B-816A-F1452F9BBA3B} = {3F67F999-41CF-363B-816A-F1452F9BBA3B}
	EndProjectSection
EndProject
Project("{8BC9CEB8-8B4A-11D0-8D11-00A0C91BC942}") = "SequenceSegmentProcessor_test", "SequenceSegmentProcessor_test.vcxproj", "{04BCD47E-DB92-37C8-915D-2EC659224805}"
	ProjectSection(ProjectDependencies) = postProject
		{AC73D057-F3A2-3188-958A-41FABD4A7F54} = {AC73D057-F3A2-3188-958A-41FABD4A7F54}
		{3F67F999-41CF-363B-816A-F1452F9BBA3B} = {3F67F999-41CF-363B-816A-F1452F9BBA3B}
	EndProjectSection
EndProject
Project("{8BC9CEB8-8B4A-11D0-8D11-00A0C91BC942}") = "SessionHandler_test", "SessionHandler_test.vcxproj", "{ACAC93C6-D977-3AA1-921D-3FAFA65E8551}"
	ProjectSection(ProjectDependencies) = postProject
		{AC73D057-F3A2-3188-958A-41FABD4A7F54} = {AC73D057-F3A2-3188-958A-41FABD4A7F54}
		{3F67F999-41CF-363B-816A-F1452F9BBA3B} = {3F67F999-41CF-363B-816A-F1452F9BBA3B}
	EndProjectSection
EndProject
Project("{8BC9CEB8-8B4A-11D0-8D11-00A0C91BC942}") = "SmartPeak", "..\..\..\smartpeak\SmartPeak.vcxproj", "{AC73D057-F3A2-3188-958A-41FABD4A7F54}"
	ProjectSection(ProjectDependencies) = postProject
		{3F67F999-41CF-363B-816A-F1452F9BBA3B} = {3F67F999-41CF-363B-816A-F1452F9BBA3B}
	EndProjectSection
EndProject
Project("{8BC9CEB8-8B4A-11D0-8D11-00A0C91BC942}") = "Utilities_test", "Utilities_test.vcxproj", "{8381967E-388A-3EFC-93BA-13CB33980719}"
	ProjectSection(ProjectDependencies) = postProject
		{AC73D057-F3A2-3188-958A-41FABD4A7F54} = {AC73D057-F3A2-3188-958A-41FABD4A7F54}
		{3F67F999-41CF-363B-816A-F1452F9BBA3B} = {3F67F999-41CF-363B-816A-F1452F9BBA3B}
	EndProjectSection
EndProject
Project("{8BC9CEB8-8B4A-11D0-8D11-00A0C91BC942}") = "WindowSizesAndPositions_test", "WindowSizesAndPositions_test.vcxproj", "{B17BE6EB-62D3-3847-A3D2-F666E109D0AE}"
	ProjectSection(ProjectDependencies) = postProject
		{AC73D057-F3A2-3188-958A-41FABD4A7F54} = {AC73D057-F3A2-3188-958A-41FABD4A7F54}
		{3F67F999-41CF-363B-816A-F1452F9BBA3B} = {3F67F999-41CF-363B-816A-F1452F9BBA3B}
	EndProjectSection
EndProject
Project("{8BC9CEB8-8B4A-11D0-8D11-00A0C91BC942}") = "ZERO_CHECK", "..\..\..\..\\ZERO_CHECK.vcxproj", "{3F67F999-41CF-363B-816A-F1452F9BBA3B}"
	ProjectSection(ProjectDependencies) = postProject
	EndProjectSection
EndProject
Global
	GlobalSection(SolutionConfigurationPlatforms) = preSolution
		Debug|x64 = Debug|x64
		Release|x64 = Release|x64
		MinSizeRel|x64 = MinSizeRel|x64
		RelWithDebInfo|x64 = RelWithDebInfo|x64
	EndGlobalSection
	GlobalSection(ProjectConfigurationPlatforms) = postSolution
		{16A99BA9-2CEA-3DFA-855A-6950151FB7B2}.Debug|x64.ActiveCfg = Debug|x64
		{16A99BA9-2CEA-3DFA-855A-6950151FB7B2}.Debug|x64.Build.0 = Debug|x64
		{16A99BA9-2CEA-3DFA-855A-6950151FB7B2}.Release|x64.ActiveCfg = Release|x64
		{16A99BA9-2CEA-3DFA-855A-6950151FB7B2}.Release|x64.Build.0 = Release|x64
		{16A99BA9-2CEA-3DFA-855A-6950151FB7B2}.MinSizeRel|x64.ActiveCfg = MinSizeRel|x64
		{16A99BA9-2CEA-3DFA-855A-6950151FB7B2}.MinSizeRel|x64.Build.0 = MinSizeRel|x64
		{16A99BA9-2CEA-3DFA-855A-6950151FB7B2}.RelWithDebInfo|x64.ActiveCfg = RelWithDebInfo|x64
		{16A99BA9-2CEA-3DFA-855A-6950151FB7B2}.RelWithDebInfo|x64.Build.0 = RelWithDebInfo|x64
		{D67DA01D-9902-3DD6-9433-AC295F1CCCE8}.Debug|x64.ActiveCfg = Debug|x64
		{D67DA01D-9902-3DD6-9433-AC295F1CCCE8}.Release|x64.ActiveCfg = Release|x64
		{D67DA01D-9902-3DD6-9433-AC295F1CCCE8}.MinSizeRel|x64.ActiveCfg = MinSizeRel|x64
		{D67DA01D-9902-3DD6-9433-AC295F1CCCE8}.RelWithDebInfo|x64.ActiveCfg = RelWithDebInfo|x64
		{9C03E592-48ED-3335-AC18-A4A494BC20A0}.Debug|x64.ActiveCfg = Debug|x64
		{9C03E592-48ED-3335-AC18-A4A494BC20A0}.Debug|x64.Build.0 = Debug|x64
		{9C03E592-48ED-3335-AC18-A4A494BC20A0}.Release|x64.ActiveCfg = Release|x64
		{9C03E592-48ED-3335-AC18-A4A494BC20A0}.Release|x64.Build.0 = Release|x64
		{9C03E592-48ED-3335-AC18-A4A494BC20A0}.MinSizeRel|x64.ActiveCfg = MinSizeRel|x64
		{9C03E592-48ED-3335-AC18-A4A494BC20A0}.MinSizeRel|x64.Build.0 = MinSizeRel|x64
		{9C03E592-48ED-3335-AC18-A4A494BC20A0}.RelWithDebInfo|x64.ActiveCfg = RelWithDebInfo|x64
		{9C03E592-48ED-3335-AC18-A4A494BC20A0}.RelWithDebInfo|x64.Build.0 = RelWithDebInfo|x64
		{E8CA69D1-2C48-36D7-A768-94A247E98F7C}.Debug|x64.ActiveCfg = Debug|x64
		{E8CA69D1-2C48-36D7-A768-94A247E98F7C}.Release|x64.ActiveCfg = Release|x64
		{E8CA69D1-2C48-36D7-A768-94A247E98F7C}.MinSizeRel|x64.ActiveCfg = MinSizeRel|x64
		{E8CA69D1-2C48-36D7-A768-94A247E98F7C}.RelWithDebInfo|x64.ActiveCfg = RelWithDebInfo|x64
		{394A99B4-69F9-37DF-BAC7-EEF531D8C78A}.Debug|x64.ActiveCfg = Debug|x64
		{394A99B4-69F9-37DF-BAC7-EEF531D8C78A}.Debug|x64.Build.0 = Debug|x64
		{394A99B4-69F9-37DF-BAC7-EEF531D8C78A}.Release|x64.ActiveCfg = Release|x64
		{394A99B4-69F9-37DF-BAC7-EEF531D8C78A}.Release|x64.Build.0 = Release|x64
		{394A99B4-69F9-37DF-BAC7-EEF531D8C78A}.MinSizeRel|x64.ActiveCfg = MinSizeRel|x64
		{394A99B4-69F9-37DF-BAC7-EEF531D8C78A}.MinSizeRel|x64.Build.0 = MinSizeRel|x64
		{394A99B4-69F9-37DF-BAC7-EEF531D8C78A}.RelWithDebInfo|x64.ActiveCfg = RelWithDebInfo|x64
		{394A99B4-69F9-37DF-BAC7-EEF531D8C78A}.RelWithDebInfo|x64.Build.0 = RelWithDebInfo|x64
		{2B077644-A6B7-36F4-80BE-375AFC740B1E}.Debug|x64.ActiveCfg = Debug|x64
		{2B077644-A6B7-36F4-80BE-375AFC740B1E}.Debug|x64.Build.0 = Debug|x64
		{2B077644-A6B7-36F4-80BE-375AFC740B1E}.Release|x64.ActiveCfg = Release|x64
		{2B077644-A6B7-36F4-80BE-375AFC740B1E}.Release|x64.Build.0 = Release|x64
		{2B077644-A6B7-36F4-80BE-375AFC740B1E}.MinSizeRel|x64.ActiveCfg = MinSizeRel|x64
		{2B077644-A6B7-36F4-80BE-375AFC740B1E}.MinSizeRel|x64.Build.0 = MinSizeRel|x64
		{2B077644-A6B7-36F4-80BE-375AFC740B1E}.RelWithDebInfo|x64.ActiveCfg = RelWithDebInfo|x64
		{2B077644-A6B7-36F4-80BE-375AFC740B1E}.RelWithDebInfo|x64.Build.0 = RelWithDebInfo|x64
		{716429D2-D0ED-3BE6-A090-E3D9EFAD571C}.Debug|x64.ActiveCfg = Debug|x64
		{716429D2-D0ED-3BE6-A090-E3D9EFAD571C}.Debug|x64.Build.0 = Debug|x64
		{716429D2-D0ED-3BE6-A090-E3D9EFAD571C}.Release|x64.ActiveCfg = Release|x64
		{716429D2-D0ED-3BE6-A090-E3D9EFAD571C}.Release|x64.Build.0 = Release|x64
		{716429D2-D0ED-3BE6-A090-E3D9EFAD571C}.MinSizeRel|x64.ActiveCfg = MinSizeRel|x64
		{716429D2-D0ED-3BE6-A090-E3D9EFAD571C}.MinSizeRel|x64.Build.0 = MinSizeRel|x64
		{716429D2-D0ED-3BE6-A090-E3D9EFAD571C}.RelWithDebInfo|x64.ActiveCfg = RelWithDebInfo|x64
		{716429D2-D0ED-3BE6-A090-E3D9EFAD571C}.RelWithDebInfo|x64.Build.0 = RelWithDebInfo|x64
		{3E1A05A8-715A-32CD-9721-626B7A888A75}.Debug|x64.ActiveCfg = Debug|x64
		{3E1A05A8-715A-32CD-9721-626B7A888A75}.Debug|x64.Build.0 = Debug|x64
		{3E1A05A8-715A-32CD-9721-626B7A888A75}.Release|x64.ActiveCfg = Release|x64
		{3E1A05A8-715A-32CD-9721-626B7A888A75}.Release|x64.Build.0 = Release|x64
		{3E1A05A8-715A-32CD-9721-626B7A888A75}.MinSizeRel|x64.ActiveCfg = MinSizeRel|x64
		{3E1A05A8-715A-32CD-9721-626B7A888A75}.MinSizeRel|x64.Build.0 = MinSizeRel|x64
		{3E1A05A8-715A-32CD-9721-626B7A888A75}.RelWithDebInfo|x64.ActiveCfg = RelWithDebInfo|x64
		{3E1A05A8-715A-32CD-9721-626B7A888A75}.RelWithDebInfo|x64.Build.0 = RelWithDebInfo|x64
		{564B6E54-93C7-38F4-8B35-B3BB07413AC1}.Debug|x64.ActiveCfg = Debug|x64
		{564B6E54-93C7-38F4-8B35-B3BB07413AC1}.Debug|x64.Build.0 = Debug|x64
		{564B6E54-93C7-38F4-8B35-B3BB07413AC1}.Release|x64.ActiveCfg = Release|x64
		{564B6E54-93C7-38F4-8B35-B3BB07413AC1}.Release|x64.Build.0 = Release|x64
		{564B6E54-93C7-38F4-8B35-B3BB07413AC1}.MinSizeRel|x64.ActiveCfg = MinSizeRel|x64
		{564B6E54-93C7-38F4-8B35-B3BB07413AC1}.MinSizeRel|x64.Build.0 = MinSizeRel|x64
		{564B6E54-93C7-38F4-8B35-B3BB07413AC1}.RelWithDebInfo|x64.ActiveCfg = RelWithDebInfo|x64
		{564B6E54-93C7-38F4-8B35-B3BB07413AC1}.RelWithDebInfo|x64.Build.0 = RelWithDebInfo|x64
		{D7578B4F-7F8A-392D-86F4-57DFC7516E6C}.Debug|x64.ActiveCfg = Debug|x64
		{D7578B4F-7F8A-392D-86F4-57DFC7516E6C}.Debug|x64.Build.0 = Debug|x64
		{D7578B4F-7F8A-392D-86F4-57DFC7516E6C}.Release|x64.ActiveCfg = Release|x64
		{D7578B4F-7F8A-392D-86F4-57DFC7516E6C}.Release|x64.Build.0 = Release|x64
		{D7578B4F-7F8A-392D-86F4-57DFC7516E6C}.MinSizeRel|x64.ActiveCfg = MinSizeRel|x64
		{D7578B4F-7F8A-392D-86F4-57DFC7516E6C}.MinSizeRel|x64.Build.0 = MinSizeRel|x64
		{D7578B4F-7F8A-392D-86F4-57DFC7516E6C}.RelWithDebInfo|x64.ActiveCfg = RelWithDebInfo|x64
		{D7578B4F-7F8A-392D-86F4-57DFC7516E6C}.RelWithDebInfo|x64.Build.0 = RelWithDebInfo|x64
		{A064DB28-6480-312E-B79A-4E1D589BFC51}.Debug|x64.ActiveCfg = Debug|x64
		{A064DB28-6480-312E-B79A-4E1D589BFC51}.Release|x64.ActiveCfg = Release|x64
		{A064DB28-6480-312E-B79A-4E1D589BFC51}.MinSizeRel|x64.ActiveCfg = MinSizeRel|x64
		{A064DB28-6480-312E-B79A-4E1D589BFC51}.RelWithDebInfo|x64.ActiveCfg = RelWithDebInfo|x64
		{ABD5822A-79C1-3866-88AB-96E11B9FDE08}.Debug|x64.ActiveCfg = Debug|x64
		{ABD5822A-79C1-3866-88AB-96E11B9FDE08}.Release|x64.ActiveCfg = Release|x64
		{ABD5822A-79C1-3866-88AB-96E11B9FDE08}.MinSizeRel|x64.ActiveCfg = MinSizeRel|x64
		{ABD5822A-79C1-3866-88AB-96E11B9FDE08}.RelWithDebInfo|x64.ActiveCfg = RelWithDebInfo|x64
		{AFCE7A71-7A2A-39B6-95AA-697D9A8F4DD4}.Debug|x64.ActiveCfg = Debug|x64
		{AFCE7A71-7A2A-39B6-95AA-697D9A8F4DD4}.Debug|x64.Build.0 = Debug|x64
		{AFCE7A71-7A2A-39B6-95AA-697D9A8F4DD4}.Release|x64.ActiveCfg = Release|x64
		{AFCE7A71-7A2A-39B6-95AA-697D9A8F4DD4}.Release|x64.Build.0 = Release|x64
		{AFCE7A71-7A2A-39B6-95AA-697D9A8F4DD4}.MinSizeRel|x64.ActiveCfg = MinSizeRel|x64
		{AFCE7A71-7A2A-39B6-95AA-697D9A8F4DD4}.MinSizeRel|x64.Build.0 = MinSizeRel|x64
		{AFCE7A71-7A2A-39B6-95AA-697D9A8F4DD4}.RelWithDebInfo|x64.ActiveCfg = RelWithDebInfo|x64
		{AFCE7A71-7A2A-39B6-95AA-697D9A8F4DD4}.RelWithDebInfo|x64.Build.0 = RelWithDebInfo|x64
		{DDF6D429-6F12-3ACB-80B9-6F90D88A1ACD}.Debug|x64.ActiveCfg = Debug|x64
		{DDF6D429-6F12-3ACB-80B9-6F90D88A1ACD}.Debug|x64.Build.0 = Debug|x64
		{DDF6D429-6F12-3ACB-80B9-6F90D88A1ACD}.Release|x64.ActiveCfg = Release|x64
		{DDF6D429-6F12-3ACB-80B9-6F90D88A1ACD}.Release|x64.Build.0 = Release|x64
		{DDF6D429-6F12-3ACB-80B9-6F90D88A1ACD}.MinSizeRel|x64.ActiveCfg = MinSizeRel|x64
		{DDF6D429-6F12-3ACB-80B9-6F90D88A1ACD}.MinSizeRel|x64.Build.0 = MinSizeRel|x64
		{DDF6D429-6F12-3ACB-80B9-6F90D88A1ACD}.RelWithDebInfo|x64.ActiveCfg = RelWithDebInfo|x64
		{DDF6D429-6F12-3ACB-80B9-6F90D88A1ACD}.RelWithDebInfo|x64.Build.0 = RelWithDebInfo|x64
		{051DAA31-BFD7-3355-94E7-19B4A00E1DF2}.Debug|x64.ActiveCfg = Debug|x64
		{051DAA31-BFD7-3355-94E7-19B4A00E1DF2}.Debug|x64.Build.0 = Debug|x64
		{051DAA31-BFD7-3355-94E7-19B4A00E1DF2}.Release|x64.ActiveCfg = Release|x64
		{051DAA31-BFD7-3355-94E7-19B4A00E1DF2}.Release|x64.Build.0 = Release|x64
		{051DAA31-BFD7-3355-94E7-19B4A00E1DF2}.MinSizeRel|x64.ActiveCfg = MinSizeRel|x64
		{051DAA31-BFD7-3355-94E7-19B4A00E1DF2}.MinSizeRel|x64.Build.0 = MinSizeRel|x64
		{051DAA31-BFD7-3355-94E7-19B4A00E1DF2}.RelWithDebInfo|x64.ActiveCfg = RelWithDebInfo|x64
		{051DAA31-BFD7-3355-94E7-19B4A00E1DF2}.RelWithDebInfo|x64.Build.0 = RelWithDebInfo|x64
		{9F3D4402-3456-3796-8E35-ED3B9ACD7500}.Debug|x64.ActiveCfg = Debug|x64
		{9F3D4402-3456-3796-8E35-ED3B9ACD7500}.Debug|x64.Build.0 = Debug|x64
		{9F3D4402-3456-3796-8E35-ED3B9ACD7500}.Release|x64.ActiveCfg = Release|x64
		{9F3D4402-3456-3796-8E35-ED3B9ACD7500}.Release|x64.Build.0 = Release|x64
		{9F3D4402-3456-3796-8E35-ED3B9ACD7500}.MinSizeRel|x64.ActiveCfg = MinSizeRel|x64
		{9F3D4402-3456-3796-8E35-ED3B9ACD7500}.MinSizeRel|x64.Build.0 = MinSizeRel|x64
		{9F3D4402-3456-3796-8E35-ED3B9ACD7500}.RelWithDebInfo|x64.ActiveCfg = RelWithDebInfo|x64
		{9F3D4402-3456-3796-8E35-ED3B9ACD7500}.RelWithDebInfo|x64.Build.0 = RelWithDebInfo|x64
		{2652FEB4-D33C-3A61-9F52-111C780B9CE3}.Debug|x64.ActiveCfg = Debug|x64
		{2652FEB4-D33C-3A61-9F52-111C780B9CE3}.Release|x64.ActiveCfg = Release|x64
		{2652FEB4-D33C-3A61-9F52-111C780B9CE3}.MinSizeRel|x64.ActiveCfg = MinSizeRel|x64
		{2652FEB4-D33C-3A61-9F52-111C780B9CE3}.RelWithDebInfo|x64.ActiveCfg = RelWithDebInfo|x64
		{24219AC2-2663-37CF-B6EF-231847D7A99A}.Debug|x64.ActiveCfg = Debug|x64
		{24219AC2-2663-37CF-B6EF-231847D7A99A}.Release|x64.ActiveCfg = Release|x64
		{24219AC2-2663-37CF-B6EF-231847D7A99A}.MinSizeRel|x64.ActiveCfg = MinSizeRel|x64
		{24219AC2-2663-37CF-B6EF-231847D7A99A}.RelWithDebInfo|x64.ActiveCfg = RelWithDebInfo|x64
		{872BB385-9B28-3B95-BAC9-32835BFD032A}.Debug|x64.ActiveCfg = Debug|x64
		{872BB385-9B28-3B95-BAC9-32835BFD032A}.Debug|x64.Build.0 = Debug|x64
		{872BB385-9B28-3B95-BAC9-32835BFD032A}.Release|x64.ActiveCfg = Release|x64
		{872BB385-9B28-3B95-BAC9-32835BFD032A}.Release|x64.Build.0 = Release|x64
		{872BB385-9B28-3B95-BAC9-32835BFD032A}.MinSizeRel|x64.ActiveCfg = MinSizeRel|x64
		{872BB385-9B28-3B95-BAC9-32835BFD032A}.MinSizeRel|x64.Build.0 = MinSizeRel|x64
		{872BB385-9B28-3B95-BAC9-32835BFD032A}.RelWithDebInfo|x64.ActiveCfg = RelWithDebInfo|x64
		{872BB385-9B28-3B95-BAC9-32835BFD032A}.RelWithDebInfo|x64.Build.0 = RelWithDebInfo|x64
		{06FA6C29-3E71-3401-90C3-1428F317A213}.Debug|x64.ActiveCfg = Debug|x64
		{06FA6C29-3E71-3401-90C3-1428F317A213}.Debug|x64.Build.0 = Debug|x64
		{06FA6C29-3E71-3401-90C3-1428F317A213}.Release|x64.ActiveCfg = Release|x64
		{06FA6C29-3E71-3401-90C3-1428F317A213}.Release|x64.Build.0 = Release|x64
		{06FA6C29-3E71-3401-90C3-1428F317A213}.MinSizeRel|x64.ActiveCfg = MinSizeRel|x64
		{06FA6C29-3E71-3401-90C3-1428F317A213}.MinSizeRel|x64.Build.0 = MinSizeRel|x64
		{06FA6C29-3E71-3401-90C3-1428F317A213}.RelWithDebInfo|x64.ActiveCfg = RelWithDebInfo|x64
		{06FA6C29-3E71-3401-90C3-1428F317A213}.RelWithDebInfo|x64.Build.0 = RelWithDebInfo|x64
		{19331EB4-B840-3883-B6B5-57C9882C6789}.Debug|x64.ActiveCfg = Debug|x64
		{19331EB4-B840-3883-B6B5-57C9882C6789}.Debug|x64.Build.0 = Debug|x64
		{19331EB4-B840-3883-B6B5-57C9882C6789}.Release|x64.ActiveCfg = Release|x64
		{19331EB4-B840-3883-B6B5-57C9882C6789}.Release|x64.Build.0 = Release|x64
		{19331EB4-B840-3883-B6B5-57C9882C6789}.MinSizeRel|x64.ActiveCfg = MinSizeRel|x64
		{19331EB4-B840-3883-B6B5-57C9882C6789}.MinSizeRel|x64.Build.0 = MinSizeRel|x64
		{19331EB4-B840-3883-B6B5-57C9882C6789}.RelWithDebInfo|x64.ActiveCfg = RelWithDebInfo|x64
		{19331EB4-B840-3883-B6B5-57C9882C6789}.RelWithDebInfo|x64.Build.0 = RelWithDebInfo|x64
		{179B973C-901E-3D6B-A019-9B0644D79AF9}.Debug|x64.ActiveCfg = Debug|x64
		{179B973C-901E-3D6B-A019-9B0644D79AF9}.Debug|x64.Build.0 = Debug|x64
		{179B973C-901E-3D6B-A019-9B0644D79AF9}.Release|x64.ActiveCfg = Release|x64
		{179B973C-901E-3D6B-A019-9B0644D79AF9}.Release|x64.Build.0 = Release|x64
		{179B973C-901E-3D6B-A019-9B0644D79AF9}.MinSizeRel|x64.ActiveCfg = MinSizeRel|x64
		{179B973C-901E-3D6B-A019-9B0644D79AF9}.MinSizeRel|x64.Build.0 = MinSizeRel|x64
		{179B973C-901E-3D6B-A019-9B0644D79AF9}.RelWithDebInfo|x64.ActiveCfg = RelWithDebInfo|x64
		{179B973C-901E-3D6B-A019-9B0644D79AF9}.RelWithDebInfo|x64.Build.0 = RelWithDebInfo|x64
		{5F426E40-E7B8-3FB3-B78C-9EE2414E2780}.Debug|x64.ActiveCfg = Debug|x64
		{5F426E40-E7B8-3FB3-B78C-9EE2414E2780}.Debug|x64.Build.0 = Debug|x64
		{5F426E40-E7B8-3FB3-B78C-9EE2414E2780}.Release|x64.ActiveCfg = Release|x64
		{5F426E40-E7B8-3FB3-B78C-9EE2414E2780}.Release|x64.Build.0 = Release|x64
		{5F426E40-E7B8-3FB3-B78C-9EE2414E2780}.MinSizeRel|x64.ActiveCfg = MinSizeRel|x64
		{5F426E40-E7B8-3FB3-B78C-9EE2414E2780}.MinSizeRel|x64.Build.0 = MinSizeRel|x64
		{5F426E40-E7B8-3FB3-B78C-9EE2414E2780}.RelWithDebInfo|x64.ActiveCfg = RelWithDebInfo|x64
		{5F426E40-E7B8-3FB3-B78C-9EE2414E2780}.RelWithDebInfo|x64.Build.0 = RelWithDebInfo|x64
		{AF7DD593-3B6A-3D8C-B93A-F197EF3FB1A7}.Debug|x64.ActiveCfg = Debug|x64
		{AF7DD593-3B6A-3D8C-B93A-F197EF3FB1A7}.Debug|x64.Build.0 = Debug|x64
		{AF7DD593-3B6A-3D8C-B93A-F197EF3FB1A7}.Release|x64.ActiveCfg = Release|x64
		{AF7DD593-3B6A-3D8C-B93A-F197EF3FB1A7}.Release|x64.Build.0 = Release|x64
		{AF7DD593-3B6A-3D8C-B93A-F197EF3FB1A7}.MinSizeRel|x64.ActiveCfg = MinSizeRel|x64
		{AF7DD593-3B6A-3D8C-B93A-F197EF3FB1A7}.MinSizeRel|x64.Build.0 = MinSizeRel|x64
		{AF7DD593-3B6A-3D8C-B93A-F197EF3FB1A7}.RelWithDebInfo|x64.ActiveCfg = RelWithDebInfo|x64
		{AF7DD593-3B6A-3D8C-B93A-F197EF3FB1A7}.RelWithDebInfo|x64.Build.0 = RelWithDebInfo|x64
		{8E5292C1-A571-3BBD-B170-E048E573A611}.Debug|x64.ActiveCfg = Debug|x64
		{8E5292C1-A571-3BBD-B170-E048E573A611}.Debug|x64.Build.0 = Debug|x64
		{8E5292C1-A571-3BBD-B170-E048E573A611}.Release|x64.ActiveCfg = Release|x64
		{8E5292C1-A571-3BBD-B170-E048E573A611}.Release|x64.Build.0 = Release|x64
		{8E5292C1-A571-3BBD-B170-E048E573A611}.MinSizeRel|x64.ActiveCfg = MinSizeRel|x64
		{8E5292C1-A571-3BBD-B170-E048E573A611}.MinSizeRel|x64.Build.0 = MinSizeRel|x64
		{8E5292C1-A571-3BBD-B170-E048E573A611}.RelWithDebInfo|x64.ActiveCfg = RelWithDebInfo|x64
		{8E5292C1-A571-3BBD-B170-E048E573A611}.RelWithDebInfo|x64.Build.0 = RelWithDebInfo|x64
		{35F8EFE8-D010-3D3C-930E-8E245388C12A}.Debug|x64.ActiveCfg = Debug|x64
		{35F8EFE8-D010-3D3C-930E-8E245388C12A}.Debug|x64.Build.0 = Debug|x64
		{35F8EFE8-D010-3D3C-930E-8E245388C12A}.Release|x64.ActiveCfg = Release|x64
		{35F8EFE8-D010-3D3C-930E-8E245388C12A}.Release|x64.Build.0 = Release|x64
		{35F8EFE8-D010-3D3C-930E-8E245388C12A}.MinSizeRel|x64.ActiveCfg = MinSizeRel|x64
		{35F8EFE8-D010-3D3C-930E-8E245388C12A}.MinSizeRel|x64.Build.0 = MinSizeRel|x64
		{35F8EFE8-D010-3D3C-930E-8E245388C12A}.RelWithDebInfo|x64.ActiveCfg = RelWithDebInfo|x64
		{35F8EFE8-D010-3D3C-930E-8E245388C12A}.RelWithDebInfo|x64.Build.0 = RelWithDebInfo|x64
		{04BCD47E-DB92-37C8-915D-2EC659224805}.Debug|x64.ActiveCfg = Debug|x64
		{04BCD47E-DB92-37C8-915D-2EC659224805}.Debug|x64.Build.0 = Debug|x64
		{04BCD47E-DB92-37C8-915D-2EC659224805}.Release|x64.ActiveCfg = Release|x64
		{04BCD47E-DB92-37C8-915D-2EC659224805}.Release|x64.Build.0 = Release|x64
		{04BCD47E-DB92-37C8-915D-2EC659224805}.MinSizeRel|x64.ActiveCfg = MinSizeRel|x64
		{04BCD47E-DB92-37C8-915D-2EC659224805}.MinSizeRel|x64.Build.0 = MinSizeRel|x64
		{04BCD47E-DB92-37C8-915D-2EC659224805}.RelWithDebInfo|x64.ActiveCfg = RelWithDebInfo|x64
		{04BCD47E-DB92-37C8-915D-2EC659224805}.RelWithDebInfo|x64.Build.0 = RelWithDebInfo|x64
		{ACAC93C6-D977-3AA1-921D-3FAFA65E8551}.Debug|x64.ActiveCfg = Debug|x64
		{ACAC93C6-D977-3AA1-921D-3FAFA65E8551}.Debug|x64.Build.0 = Debug|x64
		{ACAC93C6-D977-3AA1-921D-3FAFA65E8551}.Release|x64.ActiveCfg = Release|x64
		{ACAC93C6-D977-3AA1-921D-3FAFA65E8551}.Release|x64.Build.0 = Release|x64
		{ACAC93C6-D977-3AA1-921D-3FAFA65E8551}.MinSizeRel|x64.ActiveCfg = MinSizeRel|x64
		{ACAC93C6-D977-3AA1-921D-3FAFA65E8551}.MinSizeRel|x64.Build.0 = MinSizeRel|x64
		{ACAC93C6-D977-3AA1-921D-3FAFA65E8551}.RelWithDebInfo|x64.ActiveCfg = RelWithDebInfo|x64
		{ACAC93C6-D977-3AA1-921D-3FAFA65E8551}.RelWithDebInfo|x64.Build.0 = RelWithDebInfo|x64
		{AC73D057-F3A2-3188-958A-41FABD4A7F54}.Debug|x64.ActiveCfg = Debug|x64
		{AC73D057-F3A2-3188-958A-41FABD4A7F54}.Debug|x64.Build.0 = Debug|x64
		{AC73D057-F3A2-3188-958A-41FABD4A7F54}.Release|x64.ActiveCfg = Release|x64
		{AC73D057-F3A2-3188-958A-41FABD4A7F54}.Release|x64.Build.0 = Release|x64
		{AC73D057-F3A2-3188-958A-41FABD4A7F54}.MinSizeRel|x64.ActiveCfg = MinSizeRel|x64
		{AC73D057-F3A2-3188-958A-41FABD4A7F54}.MinSizeRel|x64.Build.0 = MinSizeRel|x64
		{AC73D057-F3A2-3188-958A-41FABD4A7F54}.RelWithDebInfo|x64.ActiveCfg = RelWithDebInfo|x64
		{AC73D057-F3A2-3188-958A-41FABD4A7F54}.RelWithDebInfo|x64.Build.0 = RelWithDebInfo|x64
		{8381967E-388A-3EFC-93BA-13CB33980719}.Debug|x64.ActiveCfg = Debug|x64
		{8381967E-388A-3EFC-93BA-13CB33980719}.Debug|x64.Build.0 = Debug|x64
		{8381967E-388A-3EFC-93BA-13CB33980719}.Release|x64.ActiveCfg = Release|x64
		{8381967E-388A-3EFC-93BA-13CB33980719}.Release|x64.Build.0 = Release|x64
		{8381967E-388A-3EFC-93BA-13CB33980719}.MinSizeRel|x64.ActiveCfg = MinSizeRel|x64
		{8381967E-388A-3EFC-93BA-13CB33980719}.MinSizeRel|x64.Build.0 = MinSizeRel|x64
		{8381967E-388A-3EFC-93BA-13CB33980719}.RelWithDebInfo|x64.ActiveCfg = RelWithDebInfo|x64
		{8381967E-388A-3EFC-93BA-13CB33980719}.RelWithDebInfo|x64.Build.0 = RelWithDebInfo|x64
		{B17BE6EB-62D3-3847-A3D2-F666E109D0AE}.Debug|x64.ActiveCfg = Debug|x64
		{B17BE6EB-62D3-3847-A3D2-F666E109D0AE}.Debug|x64.Build.0 = Debug|x64
		{B17BE6EB-62D3-3847-A3D2-F666E109D0AE}.Release|x64.ActiveCfg = Release|x64
		{B17BE6EB-62D3-3847-A3D2-F666E109D0AE}.Release|x64.Build.0 = Release|x64
		{B17BE6EB-62D3-3847-A3D2-F666E109D0AE}.MinSizeRel|x64.ActiveCfg = MinSizeRel|x64
		{B17BE6EB-62D3-3847-A3D2-F666E109D0AE}.MinSizeRel|x64.Build.0 = MinSizeRel|x64
		{B17BE6EB-62D3-3847-A3D2-F666E109D0AE}.RelWithDebInfo|x64.ActiveCfg = RelWithDebInfo|x64
		{B17BE6EB-62D3-3847-A3D2-F666E109D0AE}.RelWithDebInfo|x64.Build.0 = RelWithDebInfo|x64
		{3F67F999-41CF-363B-816A-F1452F9BBA3B}.Debug|x64.ActiveCfg = Debug|x64
		{3F67F999-41CF-363B-816A-F1452F9BBA3B}.Debug|x64.Build.0 = Debug|x64
		{3F67F999-41CF-363B-816A-F1452F9BBA3B}.Release|x64.ActiveCfg = Release|x64
		{3F67F999-41CF-363B-816A-F1452F9BBA3B}.Release|x64.Build.0 = Release|x64
		{3F67F999-41CF-363B-816A-F1452F9BBA3B}.MinSizeRel|x64.ActiveCfg = MinSizeRel|x64
		{3F67F999-41CF-363B-816A-F1452F9BBA3B}.MinSizeRel|x64.Build.0 = MinSizeRel|x64
		{3F67F999-41CF-363B-816A-F1452F9BBA3B}.RelWithDebInfo|x64.ActiveCfg = RelWithDebInfo|x64
		{3F67F999-41CF-363B-816A-F1452F9BBA3B}.RelWithDebInfo|x64.Build.0 = RelWithDebInfo|x64
	EndGlobalSection
	GlobalSection(ExtensibilityGlobals) = postSolution
		SolutionGuid = {8C0AA5FF-F9EB-336F-B70A-151A5864EAF5}
	EndGlobalSection
	GlobalSection(ExtensibilityAddIns) = postSolution
	EndGlobalSection
EndGlobal
