Microsoft Visual Studio Solution File, Format Version 12.00
# Visual Studio 16
Project("{8BC9CEB8-8B4A-11D0-8D11-00A0C91BC942}") = "ALL_BUILD", "ALL_BUILD.vcxproj", "{16A99BA9-2CEA-3DFA-855A-6950151FB7B2}"
	ProjectSection(ProjectDependencies) = postProject
		{AC73D057-F3A2-3188-958A-41FABD4A7F54} = {AC73D057-F3A2-3188-958A-41FABD4A7F54}
		{3F67F999-41CF-363B-816A-F1452F9BBA3B} = {3F67F999-41CF-363B-816A-F1452F9BBA3B}
	EndProjectSection
EndProject
Project("{8BC9CEB8-8B4A-11D0-8D11-00A0C91BC942}") = "INSTALL", "INSTALL.vcxproj", "{A064DB28-6480-312E-B79A-4E1D589BFC51}"
	ProjectSection(ProjectDependencies) = postProject
		{16A99BA9-2CEA-3DFA-855A-6950151FB7B2} = {16A99BA9-2CEA-3DFA-855A-6950151FB7B2}
		{3F67F999-41CF-363B-816A-F1452F9BBA3B} = {3F67F999-41CF-363B-816A-F1452F9BBA3B}
	EndProjectSection
EndProject
Project("{8BC9CEB8-8B4A-11D0-8D11-00A0C91BC942}") = "PACKAGE", "PACKAGE.vcxproj", "{2652FEB4-D33C-3A61-9F52-111C780B9CE3}"
	ProjectSection(ProjectDependencies) = postProject
		{16A99BA9-2CEA-3DFA-855A-6950151FB7B2} = {16A99BA9-2CEA-3DFA-855A-6950151FB7B2}
		{3F67F999-41CF-363B-816A-F1452F9BBA3B} = {3F67F999-41CF-363B-816A-F1452F9BBA3B}
	EndProjectSection
EndProject
Project("{8BC9CEB8-8B4A-11D0-8D11-00A0C91BC942}") = "RUN_TESTS", "RUN_TESTS.vcxproj", "{24219AC2-2663-37CF-B6EF-231847D7A99A}"
	ProjectSection(ProjectDependencies) = postProject
		{3F67F999-41CF-363B-816A-F1452F9BBA3B} = {3F67F999-41CF-363B-816A-F1452F9BBA3B}
	EndProjectSection
EndProject
Project("{8BC9CEB8-8B4A-11D0-8D11-00A0C91BC942}") = "SmartPeak", "SmartPeak.vcxproj", "{AC73D057-F3A2-3188-958A-41FABD4A7F54}"
	ProjectSection(ProjectDependencies) = postProject
		{3F67F999-41CF-363B-816A-F1452F9BBA3B} = {3F67F999-41CF-363B-816A-F1452F9BBA3B}
	EndProjectSection
EndProject
Project("{8BC9CEB8-8B4A-11D0-8D11-00A0C91BC942}") = "ZERO_CHECK", "..\..\\ZERO_CHECK.vcxproj", "{3F67F999-41CF-363B-816A-F1452F9BBA3B}"
	ProjectSection(ProjectDependencies) = postProject
	EndProjectSection
EndProject
Global
	GlobalSection(SolutionConfigurationPlatforms) = preSolution
		Debug|x64 = Debug|x64
		Release|x64 = Release|x64
		MinSizeRel|x64 = MinSizeRel|x64
		RelWithDebInfo|x64 = RelWithDebInfo|x64
	EndGlobalSection
	GlobalSection(ProjectConfigurationPlatforms) = postSolution
		{16A99BA9-2CEA-3DFA-855A-6950151FB7B2}.Debug|x64.ActiveCfg = Debug|x64
		{16A99BA9-2CEA-3DFA-855A-6950151FB7B2}.Debug|x64.Build.0 = Debug|x64
		{16A99BA9-2CEA-3DFA-855A-6950151FB7B2}.Release|x64.ActiveCfg = Release|x64
		{16A99BA9-2CEA-3DFA-855A-6950151FB7B2}.Release|x64.Build.0 = Release|x64
		{16A99BA9-2CEA-3DFA-855A-6950151FB7B2}.MinSizeRel|x64.ActiveCfg = MinSizeRel|x64
		{16A99BA9-2CEA-3DFA-855A-6950151FB7B2}.MinSizeRel|x64.Build.0 = MinSizeRel|x64
		{16A99BA9-2CEA-3DFA-855A-6950151FB7B2}.RelWithDebInfo|x64.ActiveCfg = RelWithDebInfo|x64
		{16A99BA9-2CEA-3DFA-855A-6950151FB7B2}.RelWithDebInfo|x64.Build.0 = RelWithDebInfo|x64
		{A064DB28-6480-312E-B79A-4E1D589BFC51}.Debug|x64.ActiveCfg = Debug|x64
		{A064DB28-6480-312E-B79A-4E1D589BFC51}.Release|x64.ActiveCfg = Release|x64
		{A064DB28-6480-312E-B79A-4E1D589BFC51}.MinSizeRel|x64.ActiveCfg = MinSizeRel|x64
		{A064DB28-6480-312E-B79A-4E1D589BFC51}.RelWithDebInfo|x64.ActiveCfg = RelWithDebInfo|x64
		{2652FEB4-D33C-3A61-9F52-111C780B9CE3}.Debug|x64.ActiveCfg = Debug|x64
		{2652FEB4-D33C-3A61-9F52-111C780B9CE3}.Release|x64.ActiveCfg = Release|x64
		{2652FEB4-D33C-3A61-9F52-111C780B9CE3}.MinSizeRel|x64.ActiveCfg = MinSizeRel|x64
		{2652FEB4-D33C-3A61-9F52-111C780B9CE3}.RelWithDebInfo|x64.ActiveCfg = RelWithDebInfo|x64
		{24219AC2-2663-37CF-B6EF-231847D7A99A}.Debug|x64.ActiveCfg = Debug|x64
		{24219AC2-2663-37CF-B6EF-231847D7A99A}.Release|x64.ActiveCfg = Release|x64
		{24219AC2-2663-37CF-B6EF-231847D7A99A}.MinSizeRel|x64.ActiveCfg = MinSizeRel|x64
		{24219AC2-2663-37CF-B6EF-231847D7A99A}.RelWithDebInfo|x64.ActiveCfg = RelWithDebInfo|x64
		{AC73D057-F3A2-3188-958A-41FABD4A7F54}.Debug|x64.ActiveCfg = Debug|x64
		{AC73D057-F3A2-3188-958A-41FABD4A7F54}.Debug|x64.Build.0 = Debug|x64
		{AC73D057-F3A2-3188-958A-41FABD4A7F54}.Release|x64.ActiveCfg = Release|x64
		{AC73D057-F3A2-3188-958A-41FABD4A7F54}.Release|x64.Build.0 = Release|x64
		{AC73D057-F3A2-3188-958A-41FABD4A7F54}.MinSizeRel|x64.ActiveCfg = MinSizeRel|x64
		{AC73D057-F3A2-3188-958A-41FABD4A7F54}.MinSizeRel|x64.Build.0 = MinSizeRel|x64
		{AC73D057-F3A2-3188-958A-41FABD4A7F54}.RelWithDebInfo|x64.ActiveCfg = RelWithDebInfo|x64
		{AC73D057-F3A2-3188-958A-41FABD4A7F54}.RelWithDebInfo|x64.Build.0 = RelWithDebInfo|x64
		{3F67F999-41CF-363B-816A-F1452F9BBA3B}.Debug|x64.ActiveCfg = Debug|x64
		{3F67F999-41CF-363B-816A-F1452F9BBA3B}.Debug|x64.Build.0 = Debug|x64
		{3F67F999-41CF-363B-816A-F1452F9BBA3B}.Release|x64.ActiveCfg = Release|x64
		{3F67F999-41CF-363B-816A-F1452F9BBA3B}.Release|x64.Build.0 = Release|x64
		{3F67F999-41CF-363B-816A-F1452F9BBA3B}.MinSizeRel|x64.ActiveCfg = MinSizeRel|x64
		{3F67F999-41CF-363B-816A-F1452F9BBA3B}.MinSizeRel|x64.Build.0 = MinSizeRel|x64
		{3F67F999-41CF-363B-816A-F1452F9BBA3B}.RelWithDebInfo|x64.ActiveCfg = RelWithDebInfo|x64
		{3F67F999-41CF-363B-816A-F1452F9BBA3B}.RelWithDebInfo|x64.Build.0 = RelWithDebInfo|x64
	EndGlobalSection
	GlobalSection(ExtensibilityGlobals) = postSolution
		SolutionGuid = {E5184FE9-4216-39BE-90FC-8BEE38E837A8}
	EndGlobalSection
	GlobalSection(ExtensibilityAddIns) = postSolution
	EndGlobalSection
EndGlobal
