<?xml version="1.0" encoding="utf-8"?>
<Project ToolsVersion="16.0" xmlns="http://schemas.microsoft.com/developer/msbuild/2003">
  <ItemGroup>
    <CustomBuild Include="C:\Users\dmccloskey\Documents\GitHub\SmartPeak\superbuild\CMakeFiles\aa12a2e131a77a746f4aa95779b7f05e\implot-mkdir.rule">
      <Filter>CMake Rules</Filter>
    </CustomBuild>
    <CustomBuild Include="C:\Users\dmccloskey\Documents\GitHub\SmartPeak\superbuild\CMakeFiles\aa12a2e131a77a746f4aa95779b7f05e\implot-download.rule">
      <Filter>CMake Rules</Filter>
    </CustomBuild>
    <CustomBuild Include="C:\Users\dmccloskey\Documents\GitHub\SmartPeak\superbuild\CMakeFiles\aa12a2e131a77a746f4aa95779b7f05e\implot-update.rule">
      <Filter>CMake Rules</Filter>
    </CustomBuild>
    <CustomBuild Include="C:\Users\dmccloskey\Documents\GitHub\SmartPeak\superbuild\CMakeFiles\aa12a2e131a77a746f4aa95779b7f05e\implot-patch.rule">
      <Filter>CMake Rules</Filter>
    </CustomBuild>
    <CustomBuild Include="C:\Users\dmccloskey\Documents\GitHub\SmartPeak\superbuild\CMakeFiles\aa12a2e131a77a746f4aa95779b7f05e\implot-configure.rule">
      <Filter>CMake Rules</Filter>
    </CustomBuild>
    <CustomBuild Include="C:\Users\dmccloskey\Documents\GitHub\SmartPeak\superbuild\CMakeFiles\aa12a2e131a77a746f4aa95779b7f05e\implot-build.rule">
      <Filter>CMake Rules</Filter>
    </CustomBuild>
    <CustomBuild Include="C:\Users\dmccloskey\Documents\GitHub\SmartPeak\superbuild\CMakeFiles\aa12a2e131a77a746f4aa95779b7f05e\implot-install.rule">
      <Filter>CMake Rules</Filter>
    </CustomBuild>
    <CustomBuild Include="C:\Users\dmccloskey\Documents\GitHub\SmartPeak\superbuild\CMakeFiles\d266aa6297f42a7b249bb7dc5047493b\implot-complete.rule">
      <Filter>CMake Rules</Filter>
    </CustomBuild>
    <CustomBuild Include="C:\Users\dmccloskey\Documents\GitHub\SmartPeak\superbuild\CMakeFiles\1989555abd481100faec0ec58a9811af\implot.rule">
      <Filter>CMake Rules</Filter>
    </CustomBuild>
    <CustomBuild Include="C:\Users\dmccloskey\Documents\GitHub\SmartPeak\CMakeLists.txt" />
  </ItemGroup>
  <ItemGroup>
    <None Include="C:\Users\dmccloskey\Documents\GitHub\SmartPeak\superbuild\CMakeFiles\implot" />
  </ItemGroup>
  <ItemGroup>
    <Filter Include="CMake Rules">
      <UniqueIdentifier>{E102519A-F3E3-3FD5-8E91-5B5F2BCE5C0F}</UniqueIdentifier>
    </Filter>
  </ItemGroup>
</Project>
