<?xml version="1.0" encoding="utf-8"?>
<Project ToolsVersion="16.0" xmlns="http://schemas.microsoft.com/developer/msbuild/2003">
  <ItemGroup>
    <CustomBuild Include="C:\Users\dmccloskey\Documents\GitHub\SmartPeak\superbuild\CMakeFiles\1989555abd481100faec0ec58a9811af\generate.stamp.rule">
      <Filter>CMake Rules</Filter>
    </CustomBuild>
  </ItemGroup>
  <ItemGroup>
    <Filter Include="CMake Rules">
      <UniqueIdentifier>{E102519A-F3E3-3FD5-8E91-5B5F2BCE5C0F}</UniqueIdentifier>
    </Filter>
  </ItemGroup>
</Project>
