<?xml version="1.0" encoding="utf-8"?>
<Project ToolsVersion="16.0" xmlns="http://schemas.microsoft.com/developer/msbuild/2003">
  <ItemGroup>
    <CustomBuild Include="C:\Users\dmccloskey\Documents\GitHub\SmartPeak\smartpeak_build\CMakeFiles\b46d69e6e48661fb2a6288fc9eb474f2\INSTALL_force.rule">
      <Filter>CMake Rules</Filter>
    </CustomBuild>
  </ItemGroup>
  <ItemGroup>
    <Filter Include="CMake Rules">
      <UniqueIdentifier>{13BBD1B1-35B9-336E-94C3-BB95BF97D003}</UniqueIdentifier>
    </Filter>
  </ItemGroup>
</Project>
