Microsoft Visual Studio Solution File, Format Version 12.00
# Visual Studio 16
Project("{8BC9CEB8-8B4A-11D0-8D11-00A0C91BC942}") = "ALL_BUILD", "ALL_BUILD.vcxproj", "{16A99BA9-2CEA-3DFA-855A-6950151FB7B2}"
	ProjectSection(ProjectDependencies) = postProject
		{6C94C8E7-E1DA-398C-BF44-A8F4726B1054} = {6C94C8E7-E1DA-398C-BF44-A8F4726B1054}
		{5BB51DFB-E927-3DC5-B206-EA3CB0698D90} = {5BB51DFB-E927-3DC5-B206-EA3CB0698D90}
		{EA35064E-9958-3CE7-B85C-092A98327F00} = {EA35064E-9958-3CE7-B85C-092A98327F00}
		{325C9FC8-7E1F-3043-A80C-88EDAFF4F73C} = {325C9FC8-7E1F-3043-A80C-88EDAFF4F73C}
		{BE81C045-BCA7-39A3-9271-ED4222F3B555} = {BE81C045-BCA7-39A3-9271-ED4222F3B555}
		{E2EA4E8B-4D4D-3378-861A-FF63F08B6134} = {E2EA4E8B-4D4D-3378-861A-FF63F08B6134}
		{4C0AD149-4824-30BD-8E85-5F048506E410} = {4C0AD149-4824-30BD-8E85-5F048506E410}
		{A8FA1BE8-BEC1-361F-9CE7-23F165260074} = {A8FA1BE8-BEC1-361F-9CE7-23F165260074}
		{678D8282-3785-3BBA-AF45-4F00D37BC640} = {678D8282-3785-3BBA-AF45-4F00D37BC640}
		{3F67F999-41CF-363B-816A-F1452F9BBA3B} = {3F67F999-41CF-363B-816A-F1452F9BBA3B}
	EndProjectSection
EndProject
Project("{8BC9CEB8-8B4A-11D0-8D11-00A0C91BC942}") = "FIAMS_FullScan_Unknown_test", "FIAMS_FullScan_Unknown_test.vcxproj", "{6C94C8E7-E1DA-398C-BF44-A8F4726B1054}"
	ProjectSection(ProjectDependencies) = postProject
		{AC73D057-F3A2-3188-958A-41FABD4A7F54} = {AC73D057-F3A2-3188-958A-41FABD4A7F54}
		{3F67F999-41CF-363B-816A-F1452F9BBA3B} = {3F67F999-41CF-363B-816A-F1452F9BBA3B}
	EndProjectSection
EndProject
Project("{8BC9CEB8-8B4A-11D0-8D11-00A0C91BC942}") = "GCMS_FullScan_Unknown_test", "GCMS_FullScan_Unknown_test.vcxproj", "{5BB51DFB-E927-3DC5-B206-EA3CB0698D90}"
	ProjectSection(ProjectDependencies) = postProject
		{AC73D057-F3A2-3188-958A-41FABD4A7F54} = {AC73D057-F3A2-3188-958A-41FABD4A7F54}
		{3F67F999-41CF-363B-816A-F1452F9BBA3B} = {3F67F999-41CF-363B-816A-F1452F9BBA3B}
	EndProjectSection
EndProject
Project("{8BC9CEB8-8B4A-11D0-8D11-00A0C91BC942}") = "GCMS_SIM_Unknown_test", "GCMS_SIM_Unknown_test.vcxproj", "{EA35064E-9958-3CE7-B85C-092A98327F00}"
	ProjectSection(ProjectDependencies) = postProject
		{AC73D057-F3A2-3188-958A-41FABD4A7F54} = {AC73D057-F3A2-3188-958A-41FABD4A7F54}
		{3F67F999-41CF-363B-816A-F1452F9BBA3B} = {3F67F999-41CF-363B-816A-F1452F9BBA3B}
	EndProjectSection
EndProject
Project("{8BC9CEB8-8B4A-11D0-8D11-00A0C91BC942}") = "GUI", "GUI.vcxproj", "{325C9FC8-7E1F-3043-A80C-88EDAFF4F73C}"
	ProjectSection(ProjectDependencies) = postProject
		{AC73D057-F3A2-3188-958A-41FABD4A7F54} = {AC73D057-F3A2-3188-958A-41FABD4A7F54}
		{3F67F999-41CF-363B-816A-F1452F9BBA3B} = {3F67F999-41CF-363B-816A-F1452F9BBA3B}
	EndProjectSection
EndProject
Project("{8BC9CEB8-8B4A-11D0-8D11-00A0C91BC942}") = "HPLC_UV_Standards_test", "HPLC_UV_Standards_test.vcxproj", "{BE81C045-BCA7-39A3-9271-ED4222F3B555}"
	ProjectSection(ProjectDependencies) = postProject
		{AC73D057-F3A2-3188-958A-41FABD4A7F54} = {AC73D057-F3A2-3188-958A-41FABD4A7F54}
		{3F67F999-41CF-363B-816A-F1452F9BBA3B} = {3F67F999-41CF-363B-816A-F1452F9BBA3B}
	EndProjectSection
EndProject
Project("{8BC9CEB8-8B4A-11D0-8D11-00A0C91BC942}") = "HPLC_UV_Unknown_test", "HPLC_UV_Unknown_test.vcxproj", "{E2EA4E8B-4D4D-3378-861A-FF63F08B6134}"
	ProjectSection(ProjectDependencies) = postProject
		{AC73D057-F3A2-3188-958A-41FABD4A7F54} = {AC73D057-F3A2-3188-958A-41FABD4A7F54}
		{3F67F999-41CF-363B-816A-F1452F9BBA3B} = {3F67F999-41CF-363B-816A-F1452F9BBA3B}
	EndProjectSection
EndProject
Project("{8BC9CEB8-8B4A-11D0-8D11-00A0C91BC942}") = "INSTALL", "INSTALL.vcxproj", "{A064DB28-6480-312E-B79A-4E1D589BFC51}"
	ProjectSection(ProjectDependencies) = postProject
		{16A99BA9-2CEA-3DFA-855A-6950151FB7B2} = {16A99BA9-2CEA-3DFA-855A-6950151FB7B2}
		{3F67F999-41CF-363B-816A-F1452F9BBA3B} = {3F67F999-41CF-363B-816A-F1452F9BBA3B}
	EndProjectSection
EndProject
Project("{8BC9CEB8-8B4A-11D0-8D11-00A0C91BC942}") = "INTERACTIVE_EXAMPLES", "INTERACTIVE_EXAMPLES.vcxproj", "{92F7A324-689E-3B2F-838C-4106C1B385C3}"
	ProjectSection(ProjectDependencies) = postProject
		{325C9FC8-7E1F-3043-A80C-88EDAFF4F73C} = {325C9FC8-7E1F-3043-A80C-88EDAFF4F73C}
		{3F67F999-41CF-363B-816A-F1452F9BBA3B} = {3F67F999-41CF-363B-816A-F1452F9BBA3B}
	EndProjectSection
EndProject
Project("{8BC9CEB8-8B4A-11D0-8D11-00A0C91BC942}") = "LCMS_MRM_QCs_test", "LCMS_MRM_QCs_test.vcxproj", "{4C0AD149-4824-30BD-8E85-5F048506E410}"
	ProjectSection(ProjectDependencies) = postProject
		{AC73D057-F3A2-3188-958A-41FABD4A7F54} = {AC73D057-F3A2-3188-958A-41FABD4A7F54}
		{3F67F999-41CF-363B-816A-F1452F9BBA3B} = {3F67F999-41CF-363B-816A-F1452F9BBA3B}
	EndProjectSection
EndProject
Project("{8BC9CEB8-8B4A-11D0-8D11-00A0C91BC942}") = "LCMS_MRM_Standards_test", "LCMS_MRM_Standards_test.vcxproj", "{A8FA1BE8-BEC1-361F-9CE7-23F165260074}"
	ProjectSection(ProjectDependencies) = postProject
		{AC73D057-F3A2-3188-958A-41FABD4A7F54} = {AC73D057-F3A2-3188-958A-41FABD4A7F54}
		{3F67F999-41CF-363B-816A-F1452F9BBA3B} = {3F67F999-41CF-363B-816A-F1452F9BBA3B}
	EndProjectSection
EndProject
Project("{8BC9CEB8-8B4A-11D0-8D11-00A0C91BC942}") = "LCMS_MRM_Unknown_test", "LCMS_MRM_Unknown_test.vcxproj", "{678D8282-3785-3BBA-AF45-4F00D37BC640}"
	ProjectSection(ProjectDependencies) = postProject
		{AC73D057-F3A2-3188-958A-41FABD4A7F54} = {AC73D057-F3A2-3188-958A-41FABD4A7F54}
		{3F67F999-41CF-363B-816A-F1452F9BBA3B} = {3F67F999-41CF-363B-816A-F1452F9BBA3B}
	EndProjectSection
EndProject
Project("{8BC9CEB8-8B4A-11D0-8D11-00A0C91BC942}") = "PACKAGE", "PACKAGE.vcxproj", "{2652FEB4-D33C-3A61-9F52-111C780B9CE3}"
	ProjectSection(ProjectDependencies) = postProject
		{16A99BA9-2CEA-3DFA-855A-6950151FB7B2} = {16A99BA9-2CEA-3DFA-855A-6950151FB7B2}
		{3F67F999-41CF-363B-816A-F1452F9BBA3B} = {3F67F999-41CF-363B-816A-F1452F9BBA3B}
	EndProjectSection
EndProject
Project("{8BC9CEB8-8B4A-11D0-8D11-00A0C91BC942}") = "PIPELINE_EXAMPLES", "PIPELINE_EXAMPLES.vcxproj", "{2D3BA7FC-53E7-3D31-A7DE-63292529B73B}"
	ProjectSection(ProjectDependencies) = postProject
		{6C94C8E7-E1DA-398C-BF44-A8F4726B1054} = {6C94C8E7-E1DA-398C-BF44-A8F4726B1054}
		{5BB51DFB-E927-3DC5-B206-EA3CB0698D90} = {5BB51DFB-E927-3DC5-B206-EA3CB0698D90}
		{EA35064E-9958-3CE7-B85C-092A98327F00} = {EA35064E-9958-3CE7-B85C-092A98327F00}
		{BE81C045-BCA7-39A3-9271-ED4222F3B555} = {BE81C045-BCA7-39A3-9271-ED4222F3B555}
		{E2EA4E8B-4D4D-3378-861A-FF63F08B6134} = {E2EA4E8B-4D4D-3378-861A-FF63F08B6134}
		{4C0AD149-4824-30BD-8E85-5F048506E410} = {4C0AD149-4824-30BD-8E85-5F048506E410}
		{A8FA1BE8-BEC1-361F-9CE7-23F165260074} = {A8FA1BE8-BEC1-361F-9CE7-23F165260074}
		{678D8282-3785-3BBA-AF45-4F00D37BC640} = {678D8282-3785-3BBA-AF45-4F00D37BC640}
		{3F67F999-41CF-363B-816A-F1452F9BBA3B} = {3F67F999-41CF-363B-816A-F1452F9BBA3B}
	EndProjectSection
EndProject
Project("{8BC9CEB8-8B4A-11D0-8D11-00A0C91BC942}") = "RUN_TESTS", "RUN_TESTS.vcxproj", "{24219AC2-2663-37CF-B6EF-231847D7A99A}"
	ProjectSection(ProjectDependencies) = postProject
		{3F67F999-41CF-363B-816A-F1452F9BBA3B} = {3F67F999-41CF-363B-816A-F1452F9BBA3B}
	EndProjectSection
EndProject
Project("{8BC9CEB8-8B4A-11D0-8D11-00A0C91BC942}") = "SmartPeak", "..\smartpeak\SmartPeak.vcxproj", "{AC73D057-F3A2-3188-958A-41FABD4A7F54}"
	ProjectSection(ProjectDependencies) = postProject
		{3F67F999-41CF-363B-816A-F1452F9BBA3B} = {3F67F999-41CF-363B-816A-F1452F9BBA3B}
	EndProjectSection
EndProject
Project("{8BC9CEB8-8B4A-11D0-8D11-00A0C91BC942}") = "ZERO_CHECK", "..\..\\ZERO_CHECK.vcxproj", "{3F67F999-41CF-363B-816A-F1452F9BBA3B}"
	ProjectSection(ProjectDependencies) = postProject
	EndProjectSection
EndProject
Global
	GlobalSection(SolutionConfigurationPlatforms) = preSolution
		Debug|x64 = Debug|x64
		Release|x64 = Release|x64
		MinSizeRel|x64 = MinSizeRel|x64
		RelWithDebInfo|x64 = RelWithDebInfo|x64
	EndGlobalSection
	GlobalSection(ProjectConfigurationPlatforms) = postSolution
		{16A99BA9-2CEA-3DFA-855A-6950151FB7B2}.Debug|x64.ActiveCfg = Debug|x64
		{16A99BA9-2CEA-3DFA-855A-6950151FB7B2}.Debug|x64.Build.0 = Debug|x64
		{16A99BA9-2CEA-3DFA-855A-6950151FB7B2}.Release|x64.ActiveCfg = Release|x64
		{16A99BA9-2CEA-3DFA-855A-6950151FB7B2}.Release|x64.Build.0 = Release|x64
		{16A99BA9-2CEA-3DFA-855A-6950151FB7B2}.MinSizeRel|x64.ActiveCfg = MinSizeRel|x64
		{16A99BA9-2CEA-3DFA-855A-6950151FB7B2}.MinSizeRel|x64.Build.0 = MinSizeRel|x64
		{16A99BA9-2CEA-3DFA-855A-6950151FB7B2}.RelWithDebInfo|x64.ActiveCfg = RelWithDebInfo|x64
		{16A99BA9-2CEA-3DFA-855A-6950151FB7B2}.RelWithDebInfo|x64.Build.0 = RelWithDebInfo|x64
		{6C94C8E7-E1DA-398C-BF44-A8F4726B1054}.Debug|x64.ActiveCfg = Debug|x64
		{6C94C8E7-E1DA-398C-BF44-A8F4726B1054}.Debug|x64.Build.0 = Debug|x64
		{6C94C8E7-E1DA-398C-BF44-A8F4726B1054}.Release|x64.ActiveCfg = Release|x64
		{6C94C8E7-E1DA-398C-BF44-A8F4726B1054}.Release|x64.Build.0 = Release|x64
		{6C94C8E7-E1DA-398C-BF44-A8F4726B1054}.MinSizeRel|x64.ActiveCfg = MinSizeRel|x64
		{6C94C8E7-E1DA-398C-BF44-A8F4726B1054}.MinSizeRel|x64.Build.0 = MinSizeRel|x64
		{6C94C8E7-E1DA-398C-BF44-A8F4726B1054}.RelWithDebInfo|x64.ActiveCfg = RelWithDebInfo|x64
		{6C94C8E7-E1DA-398C-BF44-A8F4726B1054}.RelWithDebInfo|x64.Build.0 = RelWithDebInfo|x64
		{5BB51DFB-E927-3DC5-B206-EA3CB0698D90}.Debug|x64.ActiveCfg = Debug|x64
		{5BB51DFB-E927-3DC5-B206-EA3CB0698D90}.Debug|x64.Build.0 = Debug|x64
		{5BB51DFB-E927-3DC5-B206-EA3CB0698D90}.Release|x64.ActiveCfg = Release|x64
		{5BB51DFB-E927-3DC5-B206-EA3CB0698D90}.Release|x64.Build.0 = Release|x64
		{5BB51DFB-E927-3DC5-B206-EA3CB0698D90}.MinSizeRel|x64.ActiveCfg = MinSizeRel|x64
		{5BB51DFB-E927-3DC5-B206-EA3CB0698D90}.MinSizeRel|x64.Build.0 = MinSizeRel|x64
		{5BB51DFB-E927-3DC5-B206-EA3CB0698D90}.RelWithDebInfo|x64.ActiveCfg = RelWithDebInfo|x64
		{5BB51DFB-E927-3DC5-B206-EA3CB0698D90}.RelWithDebInfo|x64.Build.0 = RelWithDebInfo|x64
		{EA35064E-9958-3CE7-B85C-092A98327F00}.Debug|x64.ActiveCfg = Debug|x64
		{EA35064E-9958-3CE7-B85C-092A98327F00}.Debug|x64.Build.0 = Debug|x64
		{EA35064E-9958-3CE7-B85C-092A98327F00}.Release|x64.ActiveCfg = Release|x64
		{EA35064E-9958-3CE7-B85C-092A98327F00}.Release|x64.Build.0 = Release|x64
		{EA35064E-9958-3CE7-B85C-092A98327F00}.MinSizeRel|x64.ActiveCfg = MinSizeRel|x64
		{EA35064E-9958-3CE7-B85C-092A98327F00}.MinSizeRel|x64.Build.0 = MinSizeRel|x64
		{EA35064E-9958-3CE7-B85C-092A98327F00}.RelWithDebInfo|x64.ActiveCfg = RelWithDebInfo|x64
		{EA35064E-9958-3CE7-B85C-092A98327F00}.RelWithDebInfo|x64.Build.0 = RelWithDebInfo|x64
		{325C9FC8-7E1F-3043-A80C-88EDAFF4F73C}.Debug|x64.ActiveCfg = Debug|x64
		{325C9FC8-7E1F-3043-A80C-88EDAFF4F73C}.Debug|x64.Build.0 = Debug|x64
		{325C9FC8-7E1F-3043-A80C-88EDAFF4F73C}.Release|x64.ActiveCfg = Release|x64
		{325C9FC8-7E1F-3043-A80C-88EDAFF4F73C}.Release|x64.Build.0 = Release|x64
		{325C9FC8-7E1F-3043-A80C-88EDAFF4F73C}.MinSizeRel|x64.ActiveCfg = MinSizeRel|x64
		{325C9FC8-7E1F-3043-A80C-88EDAFF4F73C}.MinSizeRel|x64.Build.0 = MinSizeRel|x64
		{325C9FC8-7E1F-3043-A80C-88EDAFF4F73C}.RelWithDebInfo|x64.ActiveCfg = RelWithDebInfo|x64
		{325C9FC8-7E1F-3043-A80C-88EDAFF4F73C}.RelWithDebInfo|x64.Build.0 = RelWithDebInfo|x64
		{BE81C045-BCA7-39A3-9271-ED4222F3B555}.Debug|x64.ActiveCfg = Debug|x64
		{BE81C045-BCA7-39A3-9271-ED4222F3B555}.Debug|x64.Build.0 = Debug|x64
		{BE81C045-BCA7-39A3-9271-ED4222F3B555}.Release|x64.ActiveCfg = Release|x64
		{BE81C045-BCA7-39A3-9271-ED4222F3B555}.Release|x64.Build.0 = Release|x64
		{BE81C045-BCA7-39A3-9271-ED4222F3B555}.MinSizeRel|x64.ActiveCfg = MinSizeRel|x64
		{BE81C045-BCA7-39A3-9271-ED4222F3B555}.MinSizeRel|x64.Build.0 = MinSizeRel|x64
		{BE81C045-BCA7-39A3-9271-ED4222F3B555}.RelWithDebInfo|x64.ActiveCfg = RelWithDebInfo|x64
		{BE81C045-BCA7-39A3-9271-ED4222F3B555}.RelWithDebInfo|x64.Build.0 = RelWithDebInfo|x64
		{E2EA4E8B-4D4D-3378-861A-FF63F08B6134}.Debug|x64.ActiveCfg = Debug|x64
		{E2EA4E8B-4D4D-3378-861A-FF63F08B6134}.Debug|x64.Build.0 = Debug|x64
		{E2EA4E8B-4D4D-3378-861A-FF63F08B6134}.Release|x64.ActiveCfg = Release|x64
		{E2EA4E8B-4D4D-3378-861A-FF63F08B6134}.Release|x64.Build.0 = Release|x64
		{E2EA4E8B-4D4D-3378-861A-FF63F08B6134}.MinSizeRel|x64.ActiveCfg = MinSizeRel|x64
		{E2EA4E8B-4D4D-3378-861A-FF63F08B6134}.MinSizeRel|x64.Build.0 = MinSizeRel|x64
		{E2EA4E8B-4D4D-3378-861A-FF63F08B6134}.RelWithDebInfo|x64.ActiveCfg = RelWithDebInfo|x64
		{E2EA4E8B-4D4D-3378-861A-FF63F08B6134}.RelWithDebInfo|x64.Build.0 = RelWithDebInfo|x64
		{A064DB28-6480-312E-B79A-4E1D589BFC51}.Debug|x64.ActiveCfg = Debug|x64
		{A064DB28-6480-312E-B79A-4E1D589BFC51}.Release|x64.ActiveCfg = Release|x64
		{A064DB28-6480-312E-B79A-4E1D589BFC51}.MinSizeRel|x64.ActiveCfg = MinSizeRel|x64
		{A064DB28-6480-312E-B79A-4E1D589BFC51}.RelWithDebInfo|x64.ActiveCfg = RelWithDebInfo|x64
		{92F7A324-689E-3B2F-838C-4106C1B385C3}.Debug|x64.ActiveCfg = Debug|x64
		{92F7A324-689E-3B2F-838C-4106C1B385C3}.Release|x64.ActiveCfg = Release|x64
		{92F7A324-689E-3B2F-838C-4106C1B385C3}.MinSizeRel|x64.ActiveCfg = MinSizeRel|x64
		{92F7A324-689E-3B2F-838C-4106C1B385C3}.RelWithDebInfo|x64.ActiveCfg = RelWithDebInfo|x64
		{4C0AD149-4824-30BD-8E85-5F048506E410}.Debug|x64.ActiveCfg = Debug|x64
		{4C0AD149-4824-30BD-8E85-5F048506E410}.Debug|x64.Build.0 = Debug|x64
		{4C0AD149-4824-30BD-8E85-5F048506E410}.Release|x64.ActiveCfg = Release|x64
		{4C0AD149-4824-30BD-8E85-5F048506E410}.Release|x64.Build.0 = Release|x64
		{4C0AD149-4824-30BD-8E85-5F048506E410}.MinSizeRel|x64.ActiveCfg = MinSizeRel|x64
		{4C0AD149-4824-30BD-8E85-5F048506E410}.MinSizeRel|x64.Build.0 = MinSizeRel|x64
		{4C0AD149-4824-30BD-8E85-5F048506E410}.RelWithDebInfo|x64.ActiveCfg = RelWithDebInfo|x64
		{4C0AD149-4824-30BD-8E85-5F048506E410}.RelWithDebInfo|x64.Build.0 = RelWithDebInfo|x64
		{A8FA1BE8-BEC1-361F-9CE7-23F165260074}.Debug|x64.ActiveCfg = Debug|x64
		{A8FA1BE8-BEC1-361F-9CE7-23F165260074}.Debug|x64.Build.0 = Debug|x64
		{A8FA1BE8-BEC1-361F-9CE7-23F165260074}.Release|x64.ActiveCfg = Release|x64
		{A8FA1BE8-BEC1-361F-9CE7-23F165260074}.Release|x64.Build.0 = Release|x64
		{A8FA1BE8-BEC1-361F-9CE7-23F165260074}.MinSizeRel|x64.ActiveCfg = MinSizeRel|x64
		{A8FA1BE8-BEC1-361F-9CE7-23F165260074}.MinSizeRel|x64.Build.0 = MinSizeRel|x64
		{A8FA1BE8-BEC1-361F-9CE7-23F165260074}.RelWithDebInfo|x64.ActiveCfg = RelWithDebInfo|x64
		{A8FA1BE8-BEC1-361F-9CE7-23F165260074}.RelWithDebInfo|x64.Build.0 = RelWithDebInfo|x64
		{678D8282-3785-3BBA-AF45-4F00D37BC640}.Debug|x64.ActiveCfg = Debug|x64
		{678D8282-3785-3BBA-AF45-4F00D37BC640}.Debug|x64.Build.0 = Debug|x64
		{678D8282-3785-3BBA-AF45-4F00D37BC640}.Release|x64.ActiveCfg = Release|x64
		{678D8282-3785-3BBA-AF45-4F00D37BC640}.Release|x64.Build.0 = Release|x64
		{678D8282-3785-3BBA-AF45-4F00D37BC640}.MinSizeRel|x64.ActiveCfg = MinSizeRel|x64
		{678D8282-3785-3BBA-AF45-4F00D37BC640}.MinSizeRel|x64.Build.0 = MinSizeRel|x64
		{678D8282-3785-3BBA-AF45-4F00D37BC640}.RelWithDebInfo|x64.ActiveCfg = RelWithDebInfo|x64
		{678D8282-3785-3BBA-AF45-4F00D37BC640}.RelWithDebInfo|x64.Build.0 = RelWithDebInfo|x64
		{2652FEB4-D33C-3A61-9F52-111C780B9CE3}.Debug|x64.ActiveCfg = Debug|x64
		{2652FEB4-D33C-3A61-9F52-111C780B9CE3}.Release|x64.ActiveCfg = Release|x64
		{2652FEB4-D33C-3A61-9F52-111C780B9CE3}.MinSizeRel|x64.ActiveCfg = MinSizeRel|x64
		{2652FEB4-D33C-3A61-9F52-111C780B9CE3}.RelWithDebInfo|x64.ActiveCfg = RelWithDebInfo|x64
		{2D3BA7FC-53E7-3D31-A7DE-63292529B73B}.Debug|x64.ActiveCfg = Debug|x64
		{2D3BA7FC-53E7-3D31-A7DE-63292529B73B}.Release|x64.ActiveCfg = Release|x64
		{2D3BA7FC-53E7-3D31-A7DE-63292529B73B}.MinSizeRel|x64.ActiveCfg = MinSizeRel|x64
		{2D3BA7FC-53E7-3D31-A7DE-63292529B73B}.RelWithDebInfo|x64.ActiveCfg = RelWithDebInfo|x64
		{24219AC2-2663-37CF-B6EF-231847D7A99A}.Debug|x64.ActiveCfg = Debug|x64
		{24219AC2-2663-37CF-B6EF-231847D7A99A}.Release|x64.ActiveCfg = Release|x64
		{24219AC2-2663-37CF-B6EF-231847D7A99A}.MinSizeRel|x64.ActiveCfg = MinSizeRel|x64
		{24219AC2-2663-37CF-B6EF-231847D7A99A}.RelWithDebInfo|x64.ActiveCfg = RelWithDebInfo|x64
		{AC73D057-F3A2-3188-958A-41FABD4A7F54}.Debug|x64.ActiveCfg = Debug|x64
		{AC73D057-F3A2-3188-958A-41FABD4A7F54}.Debug|x64.Build.0 = Debug|x64
		{AC73D057-F3A2-3188-958A-41FABD4A7F54}.Release|x64.ActiveCfg = Release|x64
		{AC73D057-F3A2-3188-958A-41FABD4A7F54}.Release|x64.Build.0 = Release|x64
		{AC73D057-F3A2-3188-958A-41FABD4A7F54}.MinSizeRel|x64.ActiveCfg = MinSizeRel|x64
		{AC73D057-F3A2-3188-958A-41FABD4A7F54}.MinSizeRel|x64.Build.0 = MinSizeRel|x64
		{AC73D057-F3A2-3188-958A-41FABD4A7F54}.RelWithDebInfo|x64.ActiveCfg = RelWithDebInfo|x64
		{AC73D057-F3A2-3188-958A-41FABD4A7F54}.RelWithDebInfo|x64.Build.0 = RelWithDebInfo|x64
		{3F67F999-41CF-363B-816A-F1452F9BBA3B}.Debug|x64.ActiveCfg = Debug|x64
		{3F67F999-41CF-363B-816A-F1452F9BBA3B}.Debug|x64.Build.0 = Debug|x64
		{3F67F999-41CF-363B-816A-F1452F9BBA3B}.Release|x64.ActiveCfg = Release|x64
		{3F67F999-41CF-363B-816A-F1452F9BBA3B}.Release|x64.Build.0 = Release|x64
		{3F67F999-41CF-363B-816A-F1452F9BBA3B}.MinSizeRel|x64.ActiveCfg = MinSizeRel|x64
		{3F67F999-41CF-363B-816A-F1452F9BBA3B}.MinSizeRel|x64.Build.0 = MinSizeRel|x64
		{3F67F999-41CF-363B-816A-F1452F9BBA3B}.RelWithDebInfo|x64.ActiveCfg = RelWithDebInfo|x64
		{3F67F999-41CF-363B-816A-F1452F9BBA3B}.RelWithDebInfo|x64.Build.0 = RelWithDebInfo|x64
	EndGlobalSection
	GlobalSection(ExtensibilityGlobals) = postSolution
		SolutionGuid = {65A88E8B-52BE-3D3F-A8B3-D6EC8E36B99D}
	EndGlobalSection
	GlobalSection(ExtensibilityAddIns) = postSolution
	EndGlobalSection
EndGlobal
